Microsoft Visual Studio Solution File, Format Version 11.00
# Visual Studio 2008

Project("{0BEB71FF-1B98-20C0-2A14-22CE6A9E09F1}") = "Prision", "Assembly-CSharp.csproj", "{4E36805E-3023-B027-E9FA-FFB916477581}"
EndProject
Global
	GlobalSection(SolutionConfigurationPlatforms) = preSolution
		Debug|Any CPU = Debug|Any CPU
		Release|Any CPU = Release|Any CPU
	EndGlobalSection
	GlobalSection(ProjectConfigurationPlatforms) = postSolution
		{4E36805E-3023-B027-E9FA-FFB916477581}.Debug|Any CPU.ActiveCfg = Debug|Any CPU
		{4E36805E-3023-B027-E9FA-FFB916477581}.Debug|Any CPU.Build.0 = Debug|Any CPU
		{4E36805E-3023-B027-E9FA-FFB916477581}.Release|Any CPU.ActiveCfg = Release|Any CPU
		{4E36805E-3023-B027-E9FA-FFB916477581}.Release|Any CPU.Build.0 = Release|Any CPU
	EndGlobalSection
	GlobalSection(SolutionProperties) = preSolution
		HideSolutionNode = FALSE
	EndGlobalSection
	GlobalSection(MonoDevelopProperties) = preSolution
		StartupItem = Assembly-CSharp.csproj
	EndGlobalSection
EndGlobal
